
Microsoft Visual Studio Solution File, Format Version 12.00
# Visual Studio Version 16
VisualStudioVersion = 16.0.32413.511
MinimumVisualStudioVersion = 10.0.40219.1
Project("{FAE04EC0-301F-11D3-BF4B-00C04F79EFBC}") = "Cortes de control", "Cortes de control\Cortes de control.csproj", "{02EB6F71-7222-46B2-9FED-DE5346085561}"
EndProject
Global
	GlobalSection(SolutionConfigurationPlatforms) = preSolution
		Debug|Any CPU = Debug|Any CPU
		Release|Any CPU = Release|Any CPU
	EndGlobalSection
	GlobalSection(ProjectConfigurationPlatforms) = postSolution
		{02EB6F71-7222-46B2-9FED-DE5346085561}.Debug|Any CPU.ActiveCfg = Debug|Any CPU
		{02EB6F71-7222-46B2-9FED-DE5346085561}.Debug|Any CPU.Build.0 = Debug|Any CPU
		{02EB6F71-7222-46B2-9FED-DE5346085561}.Release|Any CPU.ActiveCfg = Release|Any CPU
		{02EB6F71-7222-46B2-9FED-DE5346085561}.Release|Any CPU.Build.0 = Release|Any CPU
	EndGlobalSection
	GlobalSection(SolutionProperties) = preSolution
		HideSolutionNode = FALSE
	EndGlobalSection
	GlobalSection(ExtensibilityGlobals) = postSolution
		SolutionGuid = {A99B0709-68F0-4108-B220-B4F606903503}
	EndGlobalSection
EndGlobal
